// !$*UTF8*$!
{
	archiveVersion = 1;
	classes = {
	};
	objectVersion = 46;
	objects = {

/* Begin PBXBuildFile section */
		376DD7C7190572E3001FCC28 /* Foundation.framework in Frameworks */ = {isa = PBXBuildFile; fileRef = 376DD7C6190572E3001FCC28 /* Foundation.framework */; };
		376DD7C9190572E3001FCC28 /* CoreGraphics.framework in Frameworks */ = {isa = PBXBuildFile; fileRef = 376DD7C8190572E3001FCC28 /* CoreGraphics.framework */; };
		376DD7CB190572E3001FCC28 /* UIKit.framework in Frameworks */ = {isa = PBXBuildFile; fileRef = 376DD7CA190572E3001FCC28 /* UIKit.framework */; };
		376DD7D1190572E3001FCC28 /* InfoPlist.strings in Resources */ = {isa = PBXBuildFile; fileRef = 376DD7CF190572E3001FCC28 /* InfoPlist.strings */; };
		376DD7D3190572E3001FCC28 /* main.m in Sources */ = {isa = PBXBuildFile; fileRef = 376DD7D2190572E3001FCC28 /* main.m */; };
		376DD7D7190572E3001FCC28 /* AppDelegate.m in Sources */ = {isa = PBXBuildFile; fileRef = 376DD7D6190572E3001FCC28 /* AppDelegate.m */; };
		376DD7DA190572E3001FCC28 /* Main_iPhone.storyboard in Resources */ = {isa = PBXBuildFile; fileRef = 376DD7D8190572E3001FCC28 /* Main_iPhone.storyboard */; };
		376DD7DD190572E3001FCC28 /* Main_iPad.storyboard in Resources */ = {isa = PBXBuildFile; fileRef = 376DD7DB190572E3001FCC28 /* Main_iPad.storyboard */; };
		376DD7E0190572E3001FCC28 /* ViewController.m in Sources */ = {isa = PBXBuildFile; fileRef = 376DD7DF190572E3001FCC28 /* ViewController.m */; };
		376DD7E2190572E3001FCC28 /* Images.xcassets in Resources */ = {isa = PBXBuildFile; fileRef = 376DD7E1190572E3001FCC28 /* Images.xcassets */; };
		376DD7E9190572E3001FCC28 /* XCTest.framework in Frameworks */ = {isa = PBXBuildFile; fileRef = 376DD7E8190572E3001FCC28 /* XCTest.framework */; };
		376DD7EA190572E3001FCC28 /* Foundation.framework in Frameworks */ = {isa = PBXBuildFile; fileRef = 376DD7C6190572E3001FCC28 /* Foundation.framework */; };
		376DD7EB190572E3001FCC28 /* UIKit.framework in Frameworks */ = {isa = PBXBuildFile; fileRef = 376DD7CA190572E3001FCC28 /* UIKit.framework */; };
		376DD7F3190572E3001FCC28 /* InfoPlist.strings in Resources */ = {isa = PBXBuildFile; fileRef = 376DD7F1190572E3001FCC28 /* InfoPlist.strings */; };
		376DD7F5190572E3001FCC28 /* iosappTests.m in Sources */ = {isa = PBXBuildFile; fileRef = 376DD7F4190572E3001FCC28 /* iosappTests.m */; };
/* End PBXBuildFile section */

/* Begin PBXContainerItemProxy section */
		376DD7EC190572E3001FCC28 /* PBXContainerItemProxy */ = {
			isa = PBXContainerItemProxy;
			containerPortal = 376DD7BB190572E2001FCC28 /* Project object */;
			proxyType = 1;
			remoteGlobalIDString = 376DD7C2190572E2001FCC28;
			remoteInfo = iosapp;
		};
/* End PBXContainerItemProxy section */

/* Begin PBXFileReference section */
		376DD7C3190572E2001FCC28 /* iosapp.app */ = {isa = PBXFileReference; explicitFileType = wrapper.application; includeInIndex = 0; path = iosapp.app; sourceTree = BUILT_PRODUCTS_DIR; };
		376DD7C6190572E3001FCC28 /* Foundation.framework */ = {isa = PBXFileReference; lastKnownFileType = wrapper.framework; name = Foundation.framework; path = System/Library/Frameworks/Foundation.framework; sourceTree = SDKROOT; };
		376DD7C8190572E3001FCC28 /* CoreGraphics.framework */ = {isa = PBXFileReference; lastKnownFileType = wrapper.framework; name = CoreGraphics.framework; path = System/Library/Frameworks/CoreGraphics.framework; sourceTree = SDKROOT; };
		376DD7CA190572E3001FCC28 /* UIKit.framework */ = {isa = PBXFileReference; lastKnownFileType = wrapper.framework; name = UIKit.framework; path = System/Library/Frameworks/UIKit.framework; sourceTree = SDKROOT; };
		376DD7CE190572E3001FCC28 /* iosapp-Info.plist */ = {isa = PBXFileReference; lastKnownFileType = text.plist.xml; path = "iosapp-Info.plist"; sourceTree = "<group>"; };
		376DD7D0190572E3001FCC28 /* en */ = {isa = PBXFileReference; lastKnownFileType = text.plist.strings; name = en; path = en.lproj/InfoPlist.strings; sourceTree = "<group>"; };
		376DD7D2190572E3001FCC28 /* main.m */ = {isa = PBXFileReference; lastKnownFileType = sourcecode.c.objc; path = main.m; sourceTree = "<group>"; };
		376DD7D4190572E3001FCC28 /* iosapp-Prefix.pch */ = {isa = PBXFileReference; lastKnownFileType = sourcecode.c.h; path = "iosapp-Prefix.pch"; sourceTree = "<group>"; };
		376DD7D5190572E3001FCC28 /* AppDelegate.h */ = {isa = PBXFileReference; lastKnownFileType = sourcecode.c.h; path = AppDelegate.h; sourceTree = "<group>"; };
		376DD7D6190572E3001FCC28 /* AppDelegate.m */ = {isa = PBXFileReference; lastKnownFileType = sourcecode.c.objc; path = AppDelegate.m; sourceTree = "<group>"; };
		376DD7D9190572E3001FCC28 /* Base */ = {isa = PBXFileReference; lastKnownFileType = file.storyboard; name = Base; path = Base.lproj/Main_iPhone.storyboard; sourceTree = "<group>"; };
		376DD7DC190572E3001FCC28 /* Base */ = {isa = PBXFileReference; lastKnownFileType = file.storyboard; name = Base; path = Base.lproj/Main_iPad.storyboard; sourceTree = "<group>"; };
		376DD7DE190572E3001FCC28 /* ViewController.h */ = {isa = PBXFileReference; lastKnownFileType = sourcecode.c.h; path = ViewController.h; sourceTree = "<group>"; };
		376DD7DF190572E3001FCC28 /* ViewController.m */ = {isa = PBXFileReference; lastKnownFileType = sourcecode.c.objc; path = ViewController.m; sourceTree = "<group>"; };
		376DD7E1190572E3001FCC28 /* Images.xcassets */ = {isa = PBXFileReference; lastKnownFileType = folder.assetcatalog; path = Images.xcassets; sourceTree = "<group>"; };
		376DD7E7190572E3001FCC28 /* iosappTests.xctest */ = {isa = PBXFileReference; explicitFileType = wrapper.cfbundle; includeInIndex = 0; path = iosappTests.xctest; sourceTree = BUILT_PRODUCTS_DIR; };
		376DD7E8190572E3001FCC28 /* XCTest.framework */ = {isa = PBXFileReference; lastKnownFileType = wrapper.framework; name = XCTest.framework; path = Library/Frameworks/XCTest.framework; sourceTree = DEVELOPER_DIR; };
		376DD7F0190572E3001FCC28 /* iosappTests-Info.plist */ = {isa = PBXFileReference; lastKnownFileType = text.plist.xml; path = "iosappTests-Info.plist"; sourceTree = "<group>"; };
		376DD7F2190572E3001FCC28 /* en */ = {isa = PBXFileReference; lastKnownFileType = text.plist.strings; name = en; path = en.lproj/InfoPlist.strings; sourceTree = "<group>"; };
		376DD7F4190572E3001FCC28 /* iosappTests.m */ = {isa = PBXFileReference; lastKnownFileType = sourcecode.c.objc; path = iosappTests.m; sourceTree = "<group>"; };
/* End PBXFileReference section */

/* Begin PBXFrameworksBuildPhase section */
		376DD7C0190572E2001FCC28 /* Frameworks */ = {
			isa = PBXFrameworksBuildPhase;
			buildActionMask = 2147483647;
			files = (
				376DD7C9190572E3001FCC28 /* CoreGraphics.framework in Frameworks */,
				376DD7CB190572E3001FCC28 /* UIKit.framework in Frameworks */,
				376DD7C7190572E3001FCC28 /* Foundation.framework in Frameworks */,
			);
			runOnlyForDeploymentPostprocessing = 0;
		};
		376DD7E4190572E3001FCC28 /* Frameworks */ = {
			isa = PBXFrameworksBuildPhase;
			buildActionMask = 2147483647;
			files = (
				376DD7E9190572E3001FCC28 /* XCTest.framework in Frameworks */,
				376DD7EB190572E3001FCC28 /* UIKit.framework in Frameworks */,
				376DD7EA190572E3001FCC28 /* Foundation.framework in Frameworks */,
			);
			runOnlyForDeploymentPostprocessing = 0;
		};
/* End PBXFrameworksBuildPhase section */

/* Begin PBXGroup section */
		376DD7BA190572E2001FCC28 = {
			isa = PBXGroup;
			children = (
				376DD7CC190572E3001FCC28 /* iosapp */,
				376DD7EE190572E3001FCC28 /* iosappTests */,
				376DD7C5190572E2001FCC28 /* Frameworks */,
				376DD7C4190572E2001FCC28 /* Products */,
			);
			sourceTree = "<group>";
		};
		376DD7C4190572E2001FCC28 /* Products */ = {
			isa = PBXGroup;
			children = (
				376DD7C3190572E2001FCC28 /* iosapp.app */,
				376DD7E7190572E3001FCC28 /* iosappTests.xctest */,
			);
			name = Products;
			sourceTree = "<group>";
		};
		376DD7C5190572E2001FCC28 /* Frameworks */ = {
			isa = PBXGroup;
			children = (
				376DD7C6190572E3001FCC28 /* Foundation.framework */,
				376DD7C8190572E3001FCC28 /* CoreGraphics.framework */,
				376DD7CA190572E3001FCC28 /* UIKit.framework */,
				376DD7E8190572E3001FCC28 /* XCTest.framework */,
			);
			name = Frameworks;
			sourceTree = "<group>";
		};
		376DD7CC190572E3001FCC28 /* iosapp */ = {
			isa = PBXGroup;
			children = (
				376DD7D5190572E3001FCC28 /* AppDelegate.h */,
				376DD7D6190572E3001FCC28 /* AppDelegate.m */,
				376DD7D8190572E3001FCC28 /* Main_iPhone.storyboard */,
				376DD7DB190572E3001FCC28 /* Main_iPad.storyboard */,
				376DD7DE190572E3001FCC28 /* ViewController.h */,
				376DD7DF190572E3001FCC28 /* ViewController.m */,
				376DD7E1190572E3001FCC28 /* Images.xcassets */,
				376DD7CD190572E3001FCC28 /* Supporting Files */,
			);
			path = iosapp;
			sourceTree = "<group>";
		};
		376DD7CD190572E3001FCC28 /* Supporting Files */ = {
			isa = PBXGroup;
			children = (
				376DD7CE190572E3001FCC28 /* iosapp-Info.plist */,
				376DD7CF190572E3001FCC28 /* InfoPlist.strings */,
				376DD7D2190572E3001FCC28 /* main.m */,
				376DD7D4190572E3001FCC28 /* iosapp-Prefix.pch */,
			);
			name = "Supporting Files";
			sourceTree = "<group>";
		};
		376DD7EE190572E3001FCC28 /* iosappTests */ = {
			isa = PBXGroup;
			children = (
				376DD7F4190572E3001FCC28 /* iosappTests.m */,
				376DD7EF190572E3001FCC28 /* Supporting Files */,
			);
			path = iosappTests;
			sourceTree = "<group>";
		};
		376DD7EF190572E3001FCC28 /* Supporting Files */ = {
			isa = PBXGroup;
			children = (
				376DD7F0190572E3001FCC28 /* iosappTests-Info.plist */,
				376DD7F1190572E3001FCC28 /* InfoPlist.strings */,
			);
			name = "Supporting Files";
			sourceTree = "<group>";
		};
/* End PBXGroup section */

/* Begin PBXNativeTarget section */
		376DD7C2190572E2001FCC28 /* iosapp */ = {
			isa = PBXNativeTarget;
			buildConfigurationList = 376DD7F8190572E3001FCC28 /* Build configuration list for PBXNativeTarget "iosapp" */;
			buildPhases = (
				376DD7BF190572E2001FCC28 /* Sources */,
				376DD7C0190572E2001FCC28 /* Frameworks */,
				376DD7C1190572E2001FCC28 /* Resources */,
			);
			buildRules = (
			);
			dependencies = (
			);
			name = iosapp;
			productName = iosapp;
			productReference = 376DD7C3190572E2001FCC28 /* iosapp.app */;
			productType = "com.apple.product-type.application";
		};
		376DD7E6190572E3001FCC28 /* iosappTests */ = {
			isa = PBXNativeTarget;
			buildConfigurationList = 376DD7FB190572E3001FCC28 /* Build configuration list for PBXNativeTarget "iosappTests" */;
			buildPhases = (
				376DD7E3190572E3001FCC28 /* Sources */,
				376DD7E4190572E3001FCC28 /* Frameworks */,
				376DD7E5190572E3001FCC28 /* Resources */,
			);
			buildRules = (
			);
			dependencies = (
				376DD7ED190572E3001FCC28 /* PBXTargetDependency */,
			);
			name = iosappTests;
			productName = iosappTests;
			productReference = 376DD7E7190572E3001FCC28 /* iosappTests.xctest */;
			productType = "com.apple.product-type.bundle.unit-test";
		};
/* End PBXNativeTarget section */

/* Begin PBXProject section */
		376DD7BB190572E2001FCC28 /* Project object */ = {
			isa = PBXProject;
			attributes = {
				LastUpgradeCheck = 0510;
				ORGANIZATIONNAME = SkopMe;
				TargetAttributes = {
					376DD7E6190572E3001FCC28 = {
						TestTargetID = 376DD7C2190572E2001FCC28;
					};
				};
			};
			buildConfigurationList = 376DD7BE190572E2001FCC28 /* Build configuration list for PBXProject "iosapp" */;
			compatibilityVersion = "Xcode 3.2";
			developmentRegion = English;
			hasScannedForEncodings = 0;
			knownRegions = (
				en,
				Base,
			);
			mainGroup = 376DD7BA190572E2001FCC28;
			productRefGroup = 376DD7C4190572E2001FCC28 /* Products */;
			projectDirPath = "";
			projectRoot = "";
			targets = (
				376DD7C2190572E2001FCC28 /* iosapp */,
				376DD7E6190572E3001FCC28 /* iosappTests */,
			);
		};
/* End PBXProject section */

/* Begin PBXResourcesBuildPhase section */
		376DD7C1190572E2001FCC28 /* Resources */ = {
			isa = PBXResourcesBuildPhase;
			buildActionMask = 2147483647;
			files = (
				376DD7DD190572E3001FCC28 /* Main_iPad.storyboard in Resources */,
				376DD7E2190572E3001FCC28 /* Images.xcassets in Resources */,
				376DD7DA190572E3001FCC28 /* Main_iPhone.storyboard in Resources */,
				376DD7D1190572E3001FCC28 /* InfoPlist.strings in Resources */,
			);
			runOnlyForDeploymentPostprocessing = 0;
		};
		376DD7E5190572E3001FCC28 /* Resources */ = {
			isa = PBXResourcesBuildPhase;
			buildActionMask = 2147483647;
			files = (
				376DD7F3190572E3001FCC28 /* InfoPlist.strings in Resources */,
			);
			runOnlyForDeploymentPostprocessing = 0;
		};
/* End PBXResourcesBuildPhase section */

/* Begin PBXSourcesBuildPhase section */
		376DD7BF190572E2001FCC28 /* Sources */ = {
			isa = PBXSourcesBuildPhase;
			buildActionMask = 2147483647;
			files = (
				376DD7E0190572E3001FCC28 /* ViewController.m in Sources */,
				376DD7D7190572E3001FCC28 /* AppDelegate.m in Sources */,
				376DD7D3190572E3001FCC28 /* main.m in Sources */,
			);
			runOnlyForDeploymentPostprocessing = 0;
		};
		376DD7E3190572E3001FCC28 /* Sources */ = {
			isa = PBXSourcesBuildPhase;
			buildActionMask = 2147483647;
			files = (
				376DD7F5190572E3001FCC28 /* iosappTests.m in Sources */,
			);
			runOnlyForDeploymentPostprocessing = 0;
		};
/* End PBXSourcesBuildPhase section */

/* Begin PBXTargetDependency section */
		376DD7ED190572E3001FCC28 /* PBXTargetDependency */ = {
			isa = PBXTargetDependency;
			target = 376DD7C2190572E2001FCC28 /* iosapp */;
			targetProxy = 376DD7EC190572E3001FCC28 /* PBXContainerItemProxy */;
		};
/* End PBXTargetDependency section */

/* Begin PBXVariantGroup section */
		376DD7CF190572E3001FCC28 /* InfoPlist.strings */ = {
			isa = PBXVariantGroup;
			children = (
				376DD7D0190572E3001FCC28 /* en */,
			);
			name = InfoPlist.strings;
			sourceTree = "<group>";
		};
		376DD7D8190572E3001FCC28 /* Main_iPhone.storyboard */ = {
			isa = PBXVariantGroup;
			children = (
				376DD7D9190572E3001FCC28 /* Base */,
			);
			name = Main_iPhone.storyboard;
			sourceTree = "<group>";
		};
		376DD7DB190572E3001FCC28 /* Main_iPad.storyboard */ = {
			isa = PBXVariantGroup;
			children = (
				376DD7DC190572E3001FCC28 /* Base */,
			);
			name = Main_iPad.storyboard;
			sourceTree = "<group>";
		};
		376DD7F1190572E3001FCC28 /* InfoPlist.strings */ = {
			isa = PBXVariantGroup;
			children = (
				376DD7F2190572E3001FCC28 /* en */,
			);
			name = InfoPlist.strings;
			sourceTree = "<group>";
		};
/* End PBXVariantGroup section */

/* Begin XCBuildConfiguration section */
		376DD7F6190572E3001FCC28 /* Debug */ = {
			isa = XCBuildConfiguration;
			buildSettings = {
				ALWAYS_SEARCH_USER_PATHS = NO;
				CLANG_CXX_LANGUAGE_STANDARD = "gnu++0x";
				CLANG_CXX_LIBRARY = "libc++";
				CLANG_ENABLE_MODULES = YES;
				CLANG_ENABLE_OBJC_ARC = YES;
				CLANG_WARN_BOOL_CONVERSION = YES;
				CLANG_WARN_CONSTANT_CONVERSION = YES;
				CLANG_WARN_DIRECT_OBJC_ISA_USAGE = YES_ERROR;
				CLANG_WARN_EMPTY_BODY = YES;
				CLANG_WARN_ENUM_CONVERSION = YES;
				CLANG_WARN_INT_CONVERSION = YES;
				CLANG_WARN_OBJC_ROOT_CLASS = YES_ERROR;
				CLANG_WARN__DUPLICATE_METHOD_MATCH = YES;
				"CODE_SIGN_IDENTITY[sdk=iphoneos*]" = "iPhone Developer";
				COPY_PHASE_STRIP = NO;
				GCC_C_LANGUAGE_STANDARD = gnu99;
				GCC_DYNAMIC_NO_PIC = NO;
				GCC_OPTIMIZATION_LEVEL = 0;
				GCC_PREPROCESSOR_DEFINITIONS = (
					"DEBUG=1",
					"$(inherited)",
				);
				GCC_SYMBOLS_PRIVATE_EXTERN = NO;
				GCC_WARN_64_TO_32_BIT_CONVERSION = YES;
				GCC_WARN_ABOUT_RETURN_TYPE = YES_ERROR;
				GCC_WARN_UNDECLARED_SELECTOR = YES;
				GCC_WARN_UNINITIALIZED_AUTOS = YES_AGGRESSIVE;
				GCC_WARN_UNUSED_FUNCTION = YES;
				GCC_WARN_UNUSED_VARIABLE = YES;
				IPHONEOS_DEPLOYMENT_TARGET = 7.1;
				ONLY_ACTIVE_ARCH = YES;
				SDKROOT = iphoneos;
				TARGETED_DEVICE_FAMILY = "1,2";
			};
			name = Debug;
		};
		376DD7F7190572E3001FCC28 /* Release */ = {
			isa = XCBuildConfiguration;
			buildSettings = {
				ALWAYS_SEARCH_USER_PATHS = NO;
				CLANG_CXX_LANGUAGE_STANDARD = "gnu++0x";
				CLANG_CXX_LIBRARY = "libc++";
				CLANG_ENABLE_MODULES = YES;
				CLANG_ENABLE_OBJC_ARC = YES;
				CLANG_WARN_BOOL_CONVERSION = YES;
				CLANG_WARN_CONSTANT_CONVERSION = YES;
				CLANG_WARN_DIRECT_OBJC_ISA_USAGE = YES_ERROR;
				CLANG_WARN_EMPTY_BODY = YES;
				CLANG_WARN_ENUM_CONVERSION = YES;
				CLANG_WARN_INT_CONVERSION = YES;
				CLANG_WARN_OBJC_ROOT_CLASS = YES_ERROR;
				CLANG_WARN__DUPLICATE_METHOD_MATCH = YES;
				"CODE_SIGN_IDENTITY[sdk=iphoneos*]" = "iPhone Developer";
				COPY_PHASE_STRIP = YES;
				ENABLE_NS_ASSERTIONS = NO;
				GCC_C_LANGUAGE_STANDARD = gnu99;
				GCC_WARN_64_TO_32_BIT_CONVERSION = YES;
				GCC_WARN_ABOUT_RETURN_TYPE = YES_ERROR;
				GCC_WARN_UNDECLARED_SELECTOR = YES;
				GCC_WARN_UNINITIALIZED_AUTOS = YES_AGGRESSIVE;
				GCC_WARN_UNUSED_FUNCTION = YES;
				GCC_WARN_UNUSED_VARIABLE = YES;
				IPHONEOS_DEPLOYMENT_TARGET = 7.1;
				SDKROOT = iphoneos;
				TARGETED_DEVICE_FAMILY = "1,2";
				VALIDATE_PRODUCT = YES;
			};
			name = Release;
		};
		376DD7F9190572E3001FCC28 /* Debug */ = {
			isa = XCBuildConfiguration;
			buildSettings = {
				ASSETCATALOG_COMPILER_APPICON_NAME = AppIcon;
				ASSETCATALOG_COMPILER_LAUNCHIMAGE_NAME = LaunchImage;
				GCC_PRECOMPILE_PREFIX_HEADER = YES;
				GCC_PREFIX_HEADER = "iosapp/iosapp-Prefix.pch";
				INFOPLIST_FILE = "iosapp/iosapp-Info.plist";
				PRODUCT_NAME = "$(TARGET_NAME)";
				WRAPPER_EXTENSION = app;
			};
			name = Debug;
		};
		376DD7FA190572E3001FCC28 /* Release */ = {
			isa = XCBuildConfiguration;
			buildSettings = {
				ASSETCATALOG_COMPILER_APPICON_NAME = AppIcon;
				ASSETCATALOG_COMPILER_LAUNCHIMAGE_NAME = LaunchImage;
				GCC_PRECOMPILE_PREFIX_HEADER = YES;
				GCC_PREFIX_HEADER = "iosapp/iosapp-Prefix.pch";
				INFOPLIST_FILE = "iosapp/iosapp-Info.plist";
				PRODUCT_NAME = "$(TARGET_NAME)";
				WRAPPER_EXTENSION = app;
			};
			name = Release;
		};
		376DD7FC190572E3001FCC28 /* Debug */ = {
			isa = XCBuildConfiguration;
			buildSettings = {
				BUNDLE_LOADER = "$(BUILT_PRODUCTS_DIR)/iosapp.app/iosapp";
				FRAMEWORK_SEARCH_PATHS = (
					"$(SDKROOT)/Developer/Library/Frameworks",
					"$(inherited)",
					"$(DEVELOPER_FRAMEWORKS_DIR)",
				);
				GCC_PRECOMPILE_PREFIX_HEADER = YES;
				GCC_PREFIX_HEADER = "iosapp/iosapp-Prefix.pch";
				GCC_PREPROCESSOR_DEFINITIONS = (
					"DEBUG=1",
					"$(inherited)",
				);
				INFOPLIST_FILE = "iosappTests/iosappTests-Info.plist";
				PRODUCT_NAME = "$(TARGET_NAME)";
				TEST_HOST = "$(BUNDLE_LOADER)";
				WRAPPER_EXTENSION = xctest;
			};
			name = Debug;
		};
		376DD7FD190572E3001FCC28 /* Release */ = {
			isa = XCBuildConfiguration;
			buildSettings = {
				BUNDLE_LOADER = "$(BUILT_PRODUCTS_DIR)/iosapp.app/iosapp";
				FRAMEWORK_SEARCH_PATHS = (
					"$(SDKROOT)/Developer/Library/Frameworks",
					"$(inherited)",
					"$(DEVELOPER_FRAMEWORKS_DIR)",
				);
				GCC_PRECOMPILE_PREFIX_HEADER = YES;
				GCC_PREFIX_HEADER = "iosapp/iosapp-Prefix.pch";
				INFOPLIST_FILE = "iosappTests/iosappTests-Info.plist";
				PRODUCT_NAME = "$(TARGET_NAME)";
				TEST_HOST = "$(BUNDLE_LOADER)";
				WRAPPER_EXTENSION = xctest;
			};
			name = Release;
		};
/* End XCBuildConfiguration section */

/* Begin XCConfigurationList section */
		376DD7BE190572E2001FCC28 /* Build configuration list for PBXProject "iosapp" */ = {
			isa = XCConfigurationList;
			buildConfigurations = (
				376DD7F6190572E3001FCC28 /* Debug */,
				376DD7F7190572E3001FCC28 /* Release */,
			);
			defaultConfigurationIsVisible = 0;
			defaultConfigurationName = Release;
		};
		376DD7F8190572E3001FCC28 /* Build configuration list for PBXNativeTarget "iosapp" */ = {
			isa = XCConfigurationList;
			buildConfigurations = (
				376DD7F9190572E3001FCC28 /* Debug */,
				376DD7FA190572E3001FCC28 /* Release */,
			);
			defaultConfigurationIsVisible = 0;
		};
		376DD7FB190572E3001FCC28 /* Build configuration list for PBXNativeTarget "iosappTests" */ = {
			isa = XCConfigurationList;
			buildConfigurations = (
				376DD7FC190572E3001FCC28 /* Debug */,
				376DD7FD190572E3001FCC28 /* Release */,
			);
			defaultConfigurationIsVisible = 0;
		};
/* End XCConfigurationList section */
	};
	rootObject = 376DD7BB190572E2001FCC28 /* Project object */;
}
